// !$*UTF8*$!
{
	archiveVersion = 1;
	classes = {
	};
	objectVersion = 56;
	objects = {

/* Begin PBXBuildFile section */
		1413BDE12C53D6C600D5642A /* ProductsLoader.swift in Sources */ = {isa = PBXBuildFile; fileRef = 1413BDE02C53D6C600D5642A /* ProductsLoader.swift */; };
		1413BDE32C53D71000D5642A /* NetworkClient.swift in Sources */ = {isa = PBXBuildFile; fileRef = 1413BDE22C53D71000D5642A /* NetworkClient.swift */; };
		1413BDE82C5CD71400D5642A /* MenuConfigurator.swift in Sources */ = {isa = PBXBuildFile; fileRef = 1413BDE72C5CD71400D5642A /* MenuConfigurator.swift */; };
		1413BDEA2C5E486400D5642A /* IngredientsLoader.swift in Sources */ = {isa = PBXBuildFile; fileRef = 1413BDE92C5E486400D5642A /* IngredientsLoader.swift */; };
		1456537B2CA9B6A70039C8AE /* StoriesContainerCell.swift in Sources */ = {isa = PBXBuildFile; fileRef = 1456537A2CA9B6A70039C8AE /* StoriesContainerCell.swift */; };
		1456537D2CA9B6C70039C8AE /* StoriesCollectionCell.swift in Sources */ = {isa = PBXBuildFile; fileRef = 1456537C2CA9B6C70039C8AE /* StoriesCollectionCell.swift */; };
		14B3D92A2C664C500054CDFA /* BannerContainerCell.swift in Sources */ = {isa = PBXBuildFile; fileRef = 14B3D9292C664C500054CDFA /* BannerContainerCell.swift */; };
		14B3D92C2C664D9B0054CDFA /* BannerCollectionCell.swift in Sources */ = {isa = PBXBuildFile; fileRef = 14B3D92B2C664D9B0054CDFA /* BannerCollectionCell.swift */; };
		14B473102C3003D10058639D /* AppDelegate.swift in Sources */ = {isa = PBXBuildFile; fileRef = 14B4730F2C3003D10058639D /* AppDelegate.swift */; };
		14B473122C3003D10058639D /* SceneDelegate.swift in Sources */ = {isa = PBXBuildFile; fileRef = 14B473112C3003D10058639D /* SceneDelegate.swift */; };
		14B473142C3003D10058639D /* MenuScreenVC.swift in Sources */ = {isa = PBXBuildFile; fileRef = 14B473132C3003D10058639D /* MenuScreenVC.swift */; };
		14B473172C3003D10058639D /* Base in Resources */ = {isa = PBXBuildFile; fileRef = 14B473162C3003D10058639D /* Base */; };
		14B473192C3003D50058639D /* Assets.xcassets in Resources */ = {isa = PBXBuildFile; fileRef = 14B473182C3003D50058639D /* Assets.xcassets */; };
		14B4731C2C3003D50058639D /* Base in Resources */ = {isa = PBXBuildFile; fileRef = 14B4731B2C3003D50058639D /* Base */; };
		14B4732C2C300C770058639D /* ProductCell.swift in Sources */ = {isa = PBXBuildFile; fileRef = 14B4732B2C300C770058639D /* ProductCell.swift */; };
		14B4732E2C300C990058639D /* Product.swift in Sources */ = {isa = PBXBuildFile; fileRef = 14B4732D2C300C990058639D /* Product.swift */; };
		14B473302C300CC20058639D /* ProductsService.swift in Sources */ = {isa = PBXBuildFile; fileRef = 14B4732F2C300CC20058639D /* ProductsService.swift */; };
		14B473322C300CF60058639D /* UIView+Shadow.swift in Sources */ = {isa = PBXBuildFile; fileRef = 14B473312C300CF60058639D /* UIView+Shadow.swift */; };
		14BB397E2C36BDA400B8796F /* IngredientCollectionCell.swift in Sources */ = {isa = PBXBuildFile; fileRef = 14BB397D2C36BDA400B8796F /* IngredientCollectionCell.swift */; };
		14BB39802C38225500B8796F /* DetailScreenVC.swift in Sources */ = {isa = PBXBuildFile; fileRef = 14BB397F2C38225500B8796F /* DetailScreenVC.swift */; };
		14BB39822C38249400B8796F /* DetailPhotoCell.swift in Sources */ = {isa = PBXBuildFile; fileRef = 14BB39812C38249400B8796F /* DetailPhotoCell.swift */; };
		14BB39842C382B1800B8796F /* DescriptionCell.swift in Sources */ = {isa = PBXBuildFile; fileRef = 14BB39832C382B1800B8796F /* DescriptionCell.swift */; };
		14BB39862C38307A00B8796F /* ControlsCell.swift in Sources */ = {isa = PBXBuildFile; fileRef = 14BB39852C38307A00B8796F /* ControlsCell.swift */; };
		14BB39882C396F4D00B8796F /* IngredientsContainerCell.swift in Sources */ = {isa = PBXBuildFile; fileRef = 14BB39872C396F4D00B8796F /* IngredientsContainerCell.swift */; };
		14DBF3572C6E6C5D006AED4B /* MainTabVC.swift in Sources */ = {isa = PBXBuildFile; fileRef = 14DBF3562C6E6C5D006AED4B /* MainTabVC.swift */; };
		14DBF3732C721C29006AED4B /* DetailConfigurator.swift in Sources */ = {isa = PBXBuildFile; fileRef = 14DBF3722C721C29006AED4B /* DetailConfigurator.swift */; };
		14DBF3762C75FD2F006AED4B /* CartScreenVC.swift in Sources */ = {isa = PBXBuildFile; fileRef = 14DBF3752C75FD2F006AED4B /* CartScreenVC.swift */; };
		14DBF3792C7603F7006AED4B /* CartCell.swift in Sources */ = {isa = PBXBuildFile; fileRef = 14DBF3782C7603F7006AED4B /* CartCell.swift */; };
		14DBF37B2C763260006AED4B /* CustomStepper.swift in Sources */ = {isa = PBXBuildFile; fileRef = 14DBF37A2C763260006AED4B /* CustomStepper.swift */; };
		14DBF3812C78C8C7006AED4B /* ProductsRepository.swift in Sources */ = {isa = PBXBuildFile; fileRef = 14DBF3802C78C8C7006AED4B /* ProductsRepository.swift */; };
/* End PBXBuildFile section */

/* Begin PBXFileReference section */
		1413BDE02C53D6C600D5642A /* ProductsLoader.swift */ = {isa = PBXFileReference; lastKnownFileType = sourcecode.swift; path = ProductsLoader.swift; sourceTree = "<group>"; };
		1413BDE22C53D71000D5642A /* NetworkClient.swift */ = {isa = PBXFileReference; lastKnownFileType = sourcecode.swift; path = NetworkClient.swift; sourceTree = "<group>"; };
		1413BDE72C5CD71400D5642A /* MenuConfigurator.swift */ = {isa = PBXFileReference; lastKnownFileType = sourcecode.swift; path = MenuConfigurator.swift; sourceTree = "<group>"; };
		1413BDE92C5E486400D5642A /* IngredientsLoader.swift */ = {isa = PBXFileReference; lastKnownFileType = sourcecode.swift; path = IngredientsLoader.swift; sourceTree = "<group>"; };
		1456537A2CA9B6A70039C8AE /* StoriesContainerCell.swift */ = {isa = PBXFileReference; lastKnownFileType = sourcecode.swift; path = StoriesContainerCell.swift; sourceTree = "<group>"; };
		1456537C2CA9B6C70039C8AE /* StoriesCollectionCell.swift */ = {isa = PBXFileReference; lastKnownFileType = sourcecode.swift; path = StoriesCollectionCell.swift; sourceTree = "<group>"; };
		14B3D9292C664C500054CDFA /* BannerContainerCell.swift */ = {isa = PBXFileReference; lastKnownFileType = sourcecode.swift; path = BannerContainerCell.swift; sourceTree = "<group>"; };
		14B3D92B2C664D9B0054CDFA /* BannerCollectionCell.swift */ = {isa = PBXFileReference; lastKnownFileType = sourcecode.swift; path = BannerCollectionCell.swift; sourceTree = "<group>"; };
		14B4730C2C3003D10058639D /* Dodo.app */ = {isa = PBXFileReference; explicitFileType = wrapper.application; includeInIndex = 0; path = Dodo.app; sourceTree = BUILT_PRODUCTS_DIR; };
		14B4730F2C3003D10058639D /* AppDelegate.swift */ = {isa = PBXFileReference; lastKnownFileType = sourcecode.swift; path = AppDelegate.swift; sourceTree = "<group>"; };
		14B473112C3003D10058639D /* SceneDelegate.swift */ = {isa = PBXFileReference; lastKnownFileType = sourcecode.swift; path = SceneDelegate.swift; sourceTree = "<group>"; };
		14B473132C3003D10058639D /* MenuScreenVC.swift */ = {isa = PBXFileReference; lastKnownFileType = sourcecode.swift; path = MenuScreenVC.swift; sourceTree = "<group>"; };
		14B473162C3003D10058639D /* Base */ = {isa = PBXFileReference; lastKnownFileType = file.storyboard; name = Base; path = Base.lproj/Main.storyboard; sourceTree = "<group>"; };
		14B473182C3003D50058639D /* Assets.xcassets */ = {isa = PBXFileReference; lastKnownFileType = folder.assetcatalog; path = Assets.xcassets; sourceTree = "<group>"; };
		14B4731B2C3003D50058639D /* Base */ = {isa = PBXFileReference; lastKnownFileType = file.storyboard; name = Base; path = Base.lproj/LaunchScreen.storyboard; sourceTree = "<group>"; };
		14B4731D2C3003D50058639D /* Info.plist */ = {isa = PBXFileReference; lastKnownFileType = text.plist.xml; path = Info.plist; sourceTree = "<group>"; };
		14B4732B2C300C770058639D /* ProductCell.swift */ = {isa = PBXFileReference; lastKnownFileType = sourcecode.swift; path = ProductCell.swift; sourceTree = "<group>"; };
		14B4732D2C300C990058639D /* Product.swift */ = {isa = PBXFileReference; lastKnownFileType = sourcecode.swift; path = Product.swift; sourceTree = "<group>"; };
		14B4732F2C300CC20058639D /* ProductsService.swift */ = {isa = PBXFileReference; lastKnownFileType = sourcecode.swift; path = ProductsService.swift; sourceTree = "<group>"; };
		14B473312C300CF60058639D /* UIView+Shadow.swift */ = {isa = PBXFileReference; lastKnownFileType = sourcecode.swift; path = "UIView+Shadow.swift"; sourceTree = "<group>"; };
		14BB397D2C36BDA400B8796F /* IngredientCollectionCell.swift */ = {isa = PBXFileReference; lastKnownFileType = sourcecode.swift; path = IngredientCollectionCell.swift; sourceTree = "<group>"; };
		14BB397F2C38225500B8796F /* DetailScreenVC.swift */ = {isa = PBXFileReference; lastKnownFileType = sourcecode.swift; path = DetailScreenVC.swift; sourceTree = "<group>"; };
		14BB39812C38249400B8796F /* DetailPhotoCell.swift */ = {isa = PBXFileReference; lastKnownFileType = sourcecode.swift; path = DetailPhotoCell.swift; sourceTree = "<group>"; };
		14BB39832C382B1800B8796F /* DescriptionCell.swift */ = {isa = PBXFileReference; lastKnownFileType = sourcecode.swift; path = DescriptionCell.swift; sourceTree = "<group>"; };
		14BB39852C38307A00B8796F /* ControlsCell.swift */ = {isa = PBXFileReference; lastKnownFileType = sourcecode.swift; path = ControlsCell.swift; sourceTree = "<group>"; };
		14BB39872C396F4D00B8796F /* IngredientsContainerCell.swift */ = {isa = PBXFileReference; lastKnownFileType = sourcecode.swift; path = IngredientsContainerCell.swift; sourceTree = "<group>"; };
		14DBF3562C6E6C5D006AED4B /* MainTabVC.swift */ = {isa = PBXFileReference; lastKnownFileType = sourcecode.swift; path = MainTabVC.swift; sourceTree = "<group>"; };
		14DBF3722C721C29006AED4B /* DetailConfigurator.swift */ = {isa = PBXFileReference; lastKnownFileType = sourcecode.swift; path = DetailConfigurator.swift; sourceTree = "<group>"; };
		14DBF3752C75FD2F006AED4B /* CartScreenVC.swift */ = {isa = PBXFileReference; lastKnownFileType = sourcecode.swift; path = CartScreenVC.swift; sourceTree = "<group>"; };
		14DBF3782C7603F7006AED4B /* CartCell.swift */ = {isa = PBXFileReference; lastKnownFileType = sourcecode.swift; path = CartCell.swift; sourceTree = "<group>"; };
		14DBF37A2C763260006AED4B /* CustomStepper.swift */ = {isa = PBXFileReference; lastKnownFileType = sourcecode.swift; path = CustomStepper.swift; sourceTree = "<group>"; };
		14DBF3802C78C8C7006AED4B /* ProductsRepository.swift */ = {isa = PBXFileReference; lastKnownFileType = sourcecode.swift; path = ProductsRepository.swift; sourceTree = "<group>"; };
/* End PBXFileReference section */

/* Begin PBXFrameworksBuildPhase section */
		14B473092C3003D10058639D /* Frameworks */ = {
			isa = PBXFrameworksBuildPhase;
			buildActionMask = 2147483647;
			files = (
			);
			runOnlyForDeploymentPostprocessing = 0;
		};
/* End PBXFrameworksBuildPhase section */

/* Begin PBXGroup section */
		14B473032C3003D00058639D = {
			isa = PBXGroup;
			children = (
				14B4730E2C3003D10058639D /* Dodo */,
				14B4730D2C3003D10058639D /* Products */,
			);
			sourceTree = "<group>";
		};
		14B4730D2C3003D10058639D /* Products */ = {
			isa = PBXGroup;
			children = (
				14B4730C2C3003D10058639D /* Dodo.app */,
			);
			name = Products;
			sourceTree = "<group>";
		};
		14B4730E2C3003D10058639D /* Dodo */ = {
			isa = PBXGroup;
			children = (
				14B473232C300A7B0058639D /* App */,
				14B473242C300A920058639D /* Screens */,
				14B473272C300ACF0058639D /* Models */,
				14B473282C300AD90058639D /* Services */,
				14B473292C300AEF0058639D /* Extensions */,
				14B4732A2C300B010058639D /* Resources */,
			);
			path = Dodo;
			sourceTree = "<group>";
		};
		14B473232C300A7B0058639D /* App */ = {
			isa = PBXGroup;
			children = (
				14B4730F2C3003D10058639D /* AppDelegate.swift */,
				14B473112C3003D10058639D /* SceneDelegate.swift */,
			);
			path = App;
			sourceTree = "<group>";
		};
		14B473242C300A920058639D /* Screens */ = {
			isa = PBXGroup;
			children = (
				14DBF3562C6E6C5D006AED4B /* MainTabVC.swift */,
				14B473252C300AA60058639D /* Menu */,
				14BB39792C36BCA400B8796F /* Details */,
			);
			path = Screens;
			sourceTree = "<group>";
		};
		14B473252C300AA60058639D /* Menu */ = {
			isa = PBXGroup;
			children = (
				1413BDE72C5CD71400D5642A /* MenuConfigurator.swift */,
				14B473132C3003D10058639D /* MenuScreenVC.swift */,
				14B473262C300AB70058639D /* Cells */,
			);
			path = Menu;
			sourceTree = "<group>";
		};
		14B473262C300AB70058639D /* Cells */ = {
			isa = PBXGroup;
			children = (
				14B3D9292C664C500054CDFA /* BannerContainerCell.swift */,
				14B3D92B2C664D9B0054CDFA /* BannerCollectionCell.swift */,
				1456537A2CA9B6A70039C8AE /* StoriesContainerCell.swift */,
				1456537C2CA9B6C70039C8AE /* StoriesCollectionCell.swift */,
				14B4732B2C300C770058639D /* ProductCell.swift */,
			);
			path = Cells;
			sourceTree = "<group>";
		};
		14B473272C300ACF0058639D /* Models */ = {
			isa = PBXGroup;
			children = (
				14B4732D2C300C990058639D /* Product.swift */,
			);
			path = Models;
			sourceTree = "<group>";
		};
		14B473282C300AD90058639D /* Services */ = {
			isa = PBXGroup;
			children = (
				14B4732F2C300CC20058639D /* ProductsService.swift */,
				1413BDE22C53D71000D5642A /* NetworkClient.swift */,
				1413BDE02C53D6C600D5642A /* ProductsLoader.swift */,
				1413BDE92C5E486400D5642A /* IngredientsLoader.swift */,
				14DBF3802C78C8C7006AED4B /* ProductsRepository.swift */,
			);
			path = Services;
			sourceTree = "<group>";
		};
		14B473292C300AEF0058639D /* Extensions */ = {
			isa = PBXGroup;
			children = (
				14B473312C300CF60058639D /* UIView+Shadow.swift */,
			);
			path = Extensions;
			sourceTree = "<group>";
		};
		14B4732A2C300B010058639D /* Resources */ = {
			isa = PBXGroup;
			children = (
				14B473152C3003D10058639D /* Main.storyboard */,
				14B4731A2C3003D50058639D /* LaunchScreen.storyboard */,
				14B473182C3003D50058639D /* Assets.xcassets */,
				14B4731D2C3003D50058639D /* Info.plist */,
			);
			path = Resources;
			sourceTree = "<group>";
		};
		14BB39792C36BCA400B8796F /* Details */ = {
			isa = PBXGroup;
			children = (
				14DBF3722C721C29006AED4B /* DetailConfigurator.swift */,
				14BB397F2C38225500B8796F /* DetailScreenVC.swift */,
				14BB397C2C36BD7900B8796F /* Cells */,
				14DBF3742C75FCDF006AED4B /* Cart */,
			);
			path = Details;
			sourceTree = "<group>";
		};
		14BB397C2C36BD7900B8796F /* Cells */ = {
			isa = PBXGroup;
			children = (
				14BB39872C396F4D00B8796F /* IngredientsContainerCell.swift */,
				14BB397D2C36BDA400B8796F /* IngredientCollectionCell.swift */,
				14BB39812C38249400B8796F /* DetailPhotoCell.swift */,
				14BB39832C382B1800B8796F /* DescriptionCell.swift */,
				14BB39852C38307A00B8796F /* ControlsCell.swift */,
			);
			path = Cells;
			sourceTree = "<group>";
		};
		14DBF3742C75FCDF006AED4B /* Cart */ = {
			isa = PBXGroup;
			children = (
				14DBF3752C75FD2F006AED4B /* CartScreenVC.swift */,
				14DBF37A2C763260006AED4B /* CustomStepper.swift */,
				14DBF3772C7603CF006AED4B /* Cells */,
			);
			path = Cart;
			sourceTree = "<group>";
		};
		14DBF3772C7603CF006AED4B /* Cells */ = {
			isa = PBXGroup;
			children = (
				14DBF3782C7603F7006AED4B /* CartCell.swift */,
			);
			path = Cells;
			sourceTree = "<group>";
		};
/* End PBXGroup section */

/* Begin PBXNativeTarget section */
		14B4730B2C3003D10058639D /* Dodo */ = {
			isa = PBXNativeTarget;
			buildConfigurationList = 14B473202C3003D50058639D /* Build configuration list for PBXNativeTarget "Dodo" */;
			buildPhases = (
				14B473082C3003D10058639D /* Sources */,
				14B473092C3003D10058639D /* Frameworks */,
				14B4730A2C3003D10058639D /* Resources */,
			);
			buildRules = (
			);
			dependencies = (
			);
			name = Dodo;
			productName = Dodo;
			productReference = 14B4730C2C3003D10058639D /* Dodo.app */;
			productType = "com.apple.product-type.application";
		};
/* End PBXNativeTarget section */

/* Begin PBXProject section */
		14B473042C3003D10058639D /* Project object */ = {
			isa = PBXProject;
			attributes = {
				BuildIndependentTargetsInParallel = 1;
				LastSwiftUpdateCheck = 1540;
				LastUpgradeCheck = 1540;
				TargetAttributes = {
					14B4730B2C3003D10058639D = {
						CreatedOnToolsVersion = 15.4;
					};
				};
			};
			buildConfigurationList = 14B473072C3003D10058639D /* Build configuration list for PBXProject "Dodo" */;
			compatibilityVersion = "Xcode 14.0";
			developmentRegion = en;
			hasScannedForEncodings = 0;
			knownRegions = (
				en,
				Base,
			);
			mainGroup = 14B473032C3003D00058639D;
			productRefGroup = 14B4730D2C3003D10058639D /* Products */;
			projectDirPath = "";
			projectRoot = "";
			targets = (
				14B4730B2C3003D10058639D /* Dodo */,
			);
		};
/* End PBXProject section */

/* Begin PBXResourcesBuildPhase section */
		14B4730A2C3003D10058639D /* Resources */ = {
			isa = PBXResourcesBuildPhase;
			buildActionMask = 2147483647;
			files = (
				14B473192C3003D50058639D /* Assets.xcassets in Resources */,
				14B4731C2C3003D50058639D /* Base in Resources */,
				14B473172C3003D10058639D /* Base in Resources */,
			);
			runOnlyForDeploymentPostprocessing = 0;
		};
/* End PBXResourcesBuildPhase section */

/* Begin PBXSourcesBuildPhase section */
		14B473082C3003D10058639D /* Sources */ = {
			isa = PBXSourcesBuildPhase;
			buildActionMask = 2147483647;
			files = (
				14B473322C300CF60058639D /* UIView+Shadow.swift in Sources */,
				14BB39822C38249400B8796F /* DetailPhotoCell.swift in Sources */,
				14B3D92C2C664D9B0054CDFA /* BannerCollectionCell.swift in Sources */,
				14DBF3572C6E6C5D006AED4B /* MainTabVC.swift in Sources */,
				14DBF3762C75FD2F006AED4B /* CartScreenVC.swift in Sources */,
				1413BDE12C53D6C600D5642A /* ProductsLoader.swift in Sources */,
				14BB39802C38225500B8796F /* DetailScreenVC.swift in Sources */,
				14B473142C3003D10058639D /* MenuScreenVC.swift in Sources */,
				14BB397E2C36BDA400B8796F /* IngredientCollectionCell.swift in Sources */,
				14B4732C2C300C770058639D /* ProductCell.swift in Sources */,
				14B4732E2C300C990058639D /* Product.swift in Sources */,
				14BB39842C382B1800B8796F /* DescriptionCell.swift in Sources */,
				14DBF3792C7603F7006AED4B /* CartCell.swift in Sources */,
				14DBF3812C78C8C7006AED4B /* ProductsRepository.swift in Sources */,
				1413BDE82C5CD71400D5642A /* MenuConfigurator.swift in Sources */,
				1413BDEA2C5E486400D5642A /* IngredientsLoader.swift in Sources */,
				14BB39862C38307A00B8796F /* ControlsCell.swift in Sources */,
				14B473102C3003D10058639D /* AppDelegate.swift in Sources */,
				1456537D2CA9B6C70039C8AE /* StoriesCollectionCell.swift in Sources */,
				1413BDE32C53D71000D5642A /* NetworkClient.swift in Sources */,
				14DBF3732C721C29006AED4B /* DetailConfigurator.swift in Sources */,
				14B3D92A2C664C500054CDFA /* BannerContainerCell.swift in Sources */,
				14DBF37B2C763260006AED4B /* CustomStepper.swift in Sources */,
				14B473122C3003D10058639D /* SceneDelegate.swift in Sources */,
				1456537B2CA9B6A70039C8AE /* StoriesContainerCell.swift in Sources */,
				14BB39882C396F4D00B8796F /* IngredientsContainerCell.swift in Sources */,
				14B473302C300CC20058639D /* ProductsService.swift in Sources */,
			);
			runOnlyForDeploymentPostprocessing = 0;
		};
/* End PBXSourcesBuildPhase section */

/* Begin PBXVariantGroup section */
		14B473152C3003D10058639D /* Main.storyboard */ = {
			isa = PBXVariantGroup;
			children = (
				14B473162C3003D10058639D /* Base */,
			);
			name = Main.storyboard;
			sourceTree = "<group>";
		};
		14B4731A2C3003D50058639D /* LaunchScreen.storyboard */ = {
			isa = PBXVariantGroup;
			children = (
				14B4731B2C3003D50058639D /* Base */,
			);
			name = LaunchScreen.storyboard;
			sourceTree = "<group>";
		};
/* End PBXVariantGroup section */

/* Begin XCBuildConfiguration section */
		14B4731E2C3003D50058639D /* Debug */ = {
			isa = XCBuildConfiguration;
			buildSettings = {
				ALWAYS_SEARCH_USER_PATHS = NO;
				ASSETCATALOG_COMPILER_GENERATE_SWIFT_ASSET_SYMBOL_EXTENSIONS = YES;
				CLANG_ANALYZER_NONNULL = YES;
				CLANG_ANALYZER_NUMBER_OBJECT_CONVERSION = YES_AGGRESSIVE;
				CLANG_CXX_LANGUAGE_STANDARD = "gnu++20";
				CLANG_ENABLE_MODULES = YES;
				CLANG_ENABLE_OBJC_ARC = YES;
				CLANG_ENABLE_OBJC_WEAK = YES;
				CLANG_WARN_BLOCK_CAPTURE_AUTORELEASING = YES;
				CLANG_WARN_BOOL_CONVERSION = YES;
				CLANG_WARN_COMMA = YES;
				CLANG_WARN_CONSTANT_CONVERSION = YES;
				CLANG_WARN_DEPRECATED_OBJC_IMPLEMENTATIONS = YES;
				CLANG_WARN_DIRECT_OBJC_ISA_USAGE = YES_ERROR;
				CLANG_WARN_DOCUMENTATION_COMMENTS = YES;
				CLANG_WARN_EMPTY_BODY = YES;
				CLANG_WARN_ENUM_CONVERSION = YES;
				CLANG_WARN_INFINITE_RECURSION = YES;
				CLANG_WARN_INT_CONVERSION = YES;
				CLANG_WARN_NON_LITERAL_NULL_CONVERSION = YES;
				CLANG_WARN_OBJC_IMPLICIT_RETAIN_SELF = YES;
				CLANG_WARN_OBJC_LITERAL_CONVERSION = YES;
				CLANG_WARN_OBJC_ROOT_CLASS = YES_ERROR;
				CLANG_WARN_QUOTED_INCLUDE_IN_FRAMEWORK_HEADER = YES;
				CLANG_WARN_RANGE_LOOP_ANALYSIS = YES;
				CLANG_WARN_STRICT_PROTOTYPES = YES;
				CLANG_WARN_SUSPICIOUS_MOVE = YES;
				CLANG_WARN_UNGUARDED_AVAILABILITY = YES_AGGRESSIVE;
				CLANG_WARN_UNREACHABLE_CODE = YES;
				CLANG_WARN__DUPLICATE_METHOD_MATCH = YES;
				COPY_PHASE_STRIP = NO;
				DEBUG_INFORMATION_FORMAT = dwarf;
				ENABLE_STRICT_OBJC_MSGSEND = YES;
				ENABLE_TESTABILITY = YES;
				ENABLE_USER_SCRIPT_SANDBOXING = YES;
				GCC_C_LANGUAGE_STANDARD = gnu17;
				GCC_DYNAMIC_NO_PIC = NO;
				GCC_NO_COMMON_BLOCKS = YES;
				GCC_OPTIMIZATION_LEVEL = 0;
				GCC_PREPROCESSOR_DEFINITIONS = (
					"DEBUG=1",
					"$(inherited)",
				);
				GCC_WARN_64_TO_32_BIT_CONVERSION = YES;
				GCC_WARN_ABOUT_RETURN_TYPE = YES_ERROR;
				GCC_WARN_UNDECLARED_SELECTOR = YES;
				GCC_WARN_UNINITIALIZED_AUTOS = YES_AGGRESSIVE;
				GCC_WARN_UNUSED_FUNCTION = YES;
				GCC_WARN_UNUSED_VARIABLE = YES;
				IPHONEOS_DEPLOYMENT_TARGET = 17.5;
				LOCALIZATION_PREFERS_STRING_CATALOGS = YES;
				MTL_ENABLE_DEBUG_INFO = INCLUDE_SOURCE;
				MTL_FAST_MATH = YES;
				ONLY_ACTIVE_ARCH = YES;
				SDKROOT = iphoneos;
				SWIFT_ACTIVE_COMPILATION_CONDITIONS = "DEBUG $(inherited)";
				SWIFT_OPTIMIZATION_LEVEL = "-Onone";
			};
			name = Debug;
		};
		14B4731F2C3003D50058639D /* Release */ = {
			isa = XCBuildConfiguration;
			buildSettings = {
				ALWAYS_SEARCH_USER_PATHS = NO;
				ASSETCATALOG_COMPILER_GENERATE_SWIFT_ASSET_SYMBOL_EXTENSIONS = YES;
				CLANG_ANALYZER_NONNULL = YES;
				CLANG_ANALYZER_NUMBER_OBJECT_CONVERSION = YES_AGGRESSIVE;
				CLANG_CXX_LANGUAGE_STANDARD = "gnu++20";
				CLANG_ENABLE_MODULES = YES;
				CLANG_ENABLE_OBJC_ARC = YES;
				CLANG_ENABLE_OBJC_WEAK = YES;
				CLANG_WARN_BLOCK_CAPTURE_AUTORELEASING = YES;
				CLANG_WARN_BOOL_CONVERSION = YES;
				CLANG_WARN_COMMA = YES;
				CLANG_WARN_CONSTANT_CONVERSION = YES;
				CLANG_WARN_DEPRECATED_OBJC_IMPLEMENTATIONS = YES;
				CLANG_WARN_DIRECT_OBJC_ISA_USAGE = YES_ERROR;
				CLANG_WARN_DOCUMENTATION_COMMENTS = YES;
				CLANG_WARN_EMPTY_BODY = YES;
				CLANG_WARN_ENUM_CONVERSION = YES;
				CLANG_WARN_INFINITE_RECURSION = YES;
				CLANG_WARN_INT_CONVERSION = YES;
				CLANG_WARN_NON_LITERAL_NULL_CONVERSION = YES;
				CLANG_WARN_OBJC_IMPLICIT_RETAIN_SELF = YES;
				CLANG_WARN_OBJC_LITERAL_CONVERSION = YES;
				CLANG_WARN_OBJC_ROOT_CLASS = YES_ERROR;
				CLANG_WARN_QUOTED_INCLUDE_IN_FRAMEWORK_HEADER = YES;
				CLANG_WARN_RANGE_LOOP_ANALYSIS = YES;
				CLANG_WARN_STRICT_PROTOTYPES = YES;
				CLANG_WARN_SUSPICIOUS_MOVE = YES;
				CLANG_WARN_UNGUARDED_AVAILABILITY = YES_AGGRESSIVE;
				CLANG_WARN_UNREACHABLE_CODE = YES;
				CLANG_WARN__DUPLICATE_METHOD_MATCH = YES;
				COPY_PHASE_STRIP = NO;
				DEBUG_INFORMATION_FORMAT = "dwarf-with-dsym";
				ENABLE_NS_ASSERTIONS = NO;
				ENABLE_STRICT_OBJC_MSGSEND = YES;
				ENABLE_USER_SCRIPT_SANDBOXING = YES;
				GCC_C_LANGUAGE_STANDARD = gnu17;
				GCC_NO_COMMON_BLOCKS = YES;
				GCC_WARN_64_TO_32_BIT_CONVERSION = YES;
				GCC_WARN_ABOUT_RETURN_TYPE = YES_ERROR;
				GCC_WARN_UNDECLARED_SELECTOR = YES;
				GCC_WARN_UNINITIALIZED_AUTOS = YES_AGGRESSIVE;
				GCC_WARN_UNUSED_FUNCTION = YES;
				GCC_WARN_UNUSED_VARIABLE = YES;
				IPHONEOS_DEPLOYMENT_TARGET = 17.5;
				LOCALIZATION_PREFERS_STRING_CATALOGS = YES;
				MTL_ENABLE_DEBUG_INFO = NO;
				MTL_FAST_MATH = YES;
				SDKROOT = iphoneos;
				SWIFT_COMPILATION_MODE = wholemodule;
				VALIDATE_PRODUCT = YES;
			};
			name = Release;
		};
		14B473212C3003D50058639D /* Debug */ = {
			isa = XCBuildConfiguration;
			buildSettings = {
				ASSETCATALOG_COMPILER_APPICON_NAME = AppIcon;
				ASSETCATALOG_COMPILER_GLOBAL_ACCENT_COLOR_NAME = AccentColor;
				CODE_SIGN_STYLE = Automatic;
				CURRENT_PROJECT_VERSION = 1;
				GENERATE_INFOPLIST_FILE = YES;
				INFOPLIST_FILE = Dodo/Resources/Info.plist;
				INFOPLIST_KEY_UIApplicationSupportsIndirectInputEvents = YES;
				INFOPLIST_KEY_UILaunchStoryboardName = LaunchScreen;
				INFOPLIST_KEY_UIMainStoryboardFile = Main;
				INFOPLIST_KEY_UISupportedInterfaceOrientations = UIInterfaceOrientationPortrait;
				INFOPLIST_KEY_UISupportedInterfaceOrientations_iPad = "UIInterfaceOrientationLandscapeLeft UIInterfaceOrientationLandscapeRight UIInterfaceOrientationPortrait UIInterfaceOrientationPortraitUpsideDown";
				LD_RUNPATH_SEARCH_PATHS = (
					"$(inherited)",
					"@executable_path/Frameworks",
				);
				MARKETING_VERSION = 1.0;
				PRODUCT_BUNDLE_IDENTIFIER = ta.tiana.Dodo;
				PRODUCT_NAME = "$(TARGET_NAME)";
				SUPPORTED_PLATFORMS = "iphoneos iphonesimulator";
				SUPPORTS_MACCATALYST = NO;
				SUPPORTS_MAC_DESIGNED_FOR_IPHONE_IPAD = NO;
				SUPPORTS_XR_DESIGNED_FOR_IPHONE_IPAD = NO;
				SWIFT_EMIT_LOC_STRINGS = YES;
				SWIFT_VERSION = 5.0;
				TARGETED_DEVICE_FAMILY = 1;
			};
			name = Debug;
		};
		14B473222C3003D50058639D /* Release */ = {
			isa = XCBuildConfiguration;
			buildSettings = {
				ASSETCATALOG_COMPILER_APPICON_NAME = AppIcon;
				ASSETCATALOG_COMPILER_GLOBAL_ACCENT_COLOR_NAME = AccentColor;
				CODE_SIGN_STYLE = Automatic;
				CURRENT_PROJECT_VERSION = 1;
				GENERATE_INFOPLIST_FILE = YES;
				INFOPLIST_FILE = Dodo/Resources/Info.plist;
				INFOPLIST_KEY_UIApplicationSupportsIndirectInputEvents = YES;
				INFOPLIST_KEY_UILaunchStoryboardName = LaunchScreen;
				INFOPLIST_KEY_UIMainStoryboardFile = Main;
				INFOPLIST_KEY_UISupportedInterfaceOrientations = UIInterfaceOrientationPortrait;
				INFOPLIST_KEY_UISupportedInterfaceOrientations_iPad = "UIInterfaceOrientationLandscapeLeft UIInterfaceOrientationLandscapeRight UIInterfaceOrientationPortrait UIInterfaceOrientationPortraitUpsideDown";
				LD_RUNPATH_SEARCH_PATHS = (
					"$(inherited)",
					"@executable_path/Frameworks",
				);
				MARKETING_VERSION = 1.0;
				PRODUCT_BUNDLE_IDENTIFIER = ta.tiana.Dodo;
				PRODUCT_NAME = "$(TARGET_NAME)";
				SUPPORTED_PLATFORMS = "iphoneos iphonesimulator";
				SUPPORTS_MACCATALYST = NO;
				SUPPORTS_MAC_DESIGNED_FOR_IPHONE_IPAD = NO;
				SUPPORTS_XR_DESIGNED_FOR_IPHONE_IPAD = NO;
				SWIFT_EMIT_LOC_STRINGS = YES;
				SWIFT_VERSION = 5.0;
				TARGETED_DEVICE_FAMILY = 1;
			};
			name = Release;
		};
/* End XCBuildConfiguration section */

/* Begin XCConfigurationList section */
		14B473072C3003D10058639D /* Build configuration list for PBXProject "Dodo" */ = {
			isa = XCConfigurationList;
			buildConfigurations = (
				14B4731E2C3003D50058639D /* Debug */,
				14B4731F2C3003D50058639D /* Release */,
			);
			defaultConfigurationIsVisible = 0;
			defaultConfigurationName = Release;
		};
		14B473202C3003D50058639D /* Build configuration list for PBXNativeTarget "Dodo" */ = {
			isa = XCConfigurationList;
			buildConfigurations = (
				14B473212C3003D50058639D /* Debug */,
				14B473222C3003D50058639D /* Release */,
			);
			defaultConfigurationIsVisible = 0;
			defaultConfigurationName = Release;
		};
/* End XCConfigurationList section */
	};
	rootObject = 14B473042C3003D10058639D /* Project object */;
}
